
Microsoft Visual Studio Solution File, Format Version 12.00
# Visual Studio Version 17
VisualStudioVersion = 17.4.33027.239
MinimumVisualStudioVersion = 10.0.40219.1
Project("{2150E333-8FDC-42A3-9474-1A3956D46DE8}") = "Services", "Services", "{835FC760-9E1B-4F22-87C2-3ACF7B25E030}"
EndProject
Project("{2150E333-8FDC-42A3-9474-1A3956D46DE8}") = "Order", "Order", "{B60C07C9-24C8-4A03-A1E8-09172A342E81}"
EndProject
Project("{9A19103F-16F7-4668-BE54-9A1E7A4F7556}") = "Order.API", "Services\Order\Order.API\Order.API.csproj", "{AC2725FF-7DDC-4071-AFBC-798F01FAD801}"
EndProject
Project("{9A19103F-16F7-4668-BE54-9A1E7A4F7556}") = "Order.Domain", "Services\Order\Order.Domain\Order.Domain.csproj", "{62DD4C2A-19D2-4EF7-B8A5-9B535ADDA7B1}"
EndProject
Project("{9A19103F-16F7-4668-BE54-9A1E7A4F7556}") = "Order.Infrastructure", "Services\Order\Order.Infrastructure\Order.Infrastructure.csproj", "{558B7770-A334-438A-8394-4008E7B724A9}"
EndProject
Project("{2150E333-8FDC-42A3-9474-1A3956D46DE8}") = "Shared", "Shared", "{B4B4DA73-747B-4F56-BB22-A1C288606607}"
EndProject
Project("{9A19103F-16F7-4668-BE54-9A1E7A4F7556}") = "SharedLib", "Shared\SharedLib\SharedLib.csproj", "{0E4577EA-DAEB-4A83-A4F7-4AAFA0A8DB5B}"
EndProject
Project("{2150E333-8FDC-42A3-9474-1A3956D46DE8}") = "Product", "Product", "{0A31DFBA-EC29-4E6A-A18F-CE44DF6CA925}"
EndProject
Project("{9A19103F-16F7-4668-BE54-9A1E7A4F7556}") = "Product.API", "Services\Product\Product.API\Product.API.csproj", "{5DD58114-CEFA-430C-BF44-1D98E21F4181}"
EndProject
Project("{9A19103F-16F7-4668-BE54-9A1E7A4F7556}") = "Product.Infrastructure", "Services\Product\Product.Infrastructure\Product.Infrastructure.csproj", "{7CF68409-FBA7-45C0-AC81-882E1B586AC1}"
EndProject
Project("{9A19103F-16F7-4668-BE54-9A1E7A4F7556}") = "Product.Domain", "Services\Product\Product.Domain\Product.Domain.csproj", "{F1A56D26-E499-44F8-9C47-4CE5ABD1FBB2}"
EndProject
Global
	GlobalSection(SolutionConfigurationPlatforms) = preSolution
		Debug|Any CPU = Debug|Any CPU
		Debug|x64 = Debug|x64
		Debug|x86 = Debug|x86
		Release|Any CPU = Release|Any CPU
		Release|x64 = Release|x64
		Release|x86 = Release|x86
	EndGlobalSection
	GlobalSection(ProjectConfigurationPlatforms) = postSolution
		{AC2725FF-7DDC-4071-AFBC-798F01FAD801}.Debug|Any CPU.ActiveCfg = Debug|Any CPU
		{AC2725FF-7DDC-4071-AFBC-798F01FAD801}.Debug|Any CPU.Build.0 = Debug|Any CPU
		{AC2725FF-7DDC-4071-AFBC-798F01FAD801}.Debug|x64.ActiveCfg = Debug|Any CPU
		{AC2725FF-7DDC-4071-AFBC-798F01FAD801}.Debug|x64.Build.0 = Debug|Any CPU
		{AC2725FF-7DDC-4071-AFBC-798F01FAD801}.Debug|x86.ActiveCfg = Debug|Any CPU
		{AC2725FF-7DDC-4071-AFBC-798F01FAD801}.Debug|x86.Build.0 = Debug|Any CPU
		{AC2725FF-7DDC-4071-AFBC-798F01FAD801}.Release|Any CPU.ActiveCfg = Release|Any CPU
		{AC2725FF-7DDC-4071-AFBC-798F01FAD801}.Release|Any CPU.Build.0 = Release|Any CPU
		{AC2725FF-7DDC-4071-AFBC-798F01FAD801}.Release|x64.ActiveCfg = Release|Any CPU
		{AC2725FF-7DDC-4071-AFBC-798F01FAD801}.Release|x64.Build.0 = Release|Any CPU
		{AC2725FF-7DDC-4071-AFBC-798F01FAD801}.Release|x86.ActiveCfg = Release|Any CPU
		{AC2725FF-7DDC-4071-AFBC-798F01FAD801}.Release|x86.Build.0 = Release|Any CPU
		{62DD4C2A-19D2-4EF7-B8A5-9B535ADDA7B1}.Debug|Any CPU.ActiveCfg = Debug|Any CPU
		{62DD4C2A-19D2-4EF7-B8A5-9B535ADDA7B1}.Debug|Any CPU.Build.0 = Debug|Any CPU
		{62DD4C2A-19D2-4EF7-B8A5-9B535ADDA7B1}.Debug|x64.ActiveCfg = Debug|Any CPU
		{62DD4C2A-19D2-4EF7-B8A5-9B535ADDA7B1}.Debug|x64.Build.0 = Debug|Any CPU
		{62DD4C2A-19D2-4EF7-B8A5-9B535ADDA7B1}.Debug|x86.ActiveCfg = Debug|Any CPU
		{62DD4C2A-19D2-4EF7-B8A5-9B535ADDA7B1}.Debug|x86.Build.0 = Debug|Any CPU
		{62DD4C2A-19D2-4EF7-B8A5-9B535ADDA7B1}.Release|Any CPU.ActiveCfg = Release|Any CPU
		{62DD4C2A-19D2-4EF7-B8A5-9B535ADDA7B1}.Release|Any CPU.Build.0 = Release|Any CPU
		{62DD4C2A-19D2-4EF7-B8A5-9B535ADDA7B1}.Release|x64.ActiveCfg = Release|Any CPU
		{62DD4C2A-19D2-4EF7-B8A5-9B535ADDA7B1}.Release|x64.Build.0 = Release|Any CPU
		{62DD4C2A-19D2-4EF7-B8A5-9B535ADDA7B1}.Release|x86.ActiveCfg = Release|Any CPU
		{62DD4C2A-19D2-4EF7-B8A5-9B535ADDA7B1}.Release|x86.Build.0 = Release|Any CPU
		{558B7770-A334-438A-8394-4008E7B724A9}.Debug|Any CPU.ActiveCfg = Debug|Any CPU
		{558B7770-A334-438A-8394-4008E7B724A9}.Debug|Any CPU.Build.0 = Debug|Any CPU
		{558B7770-A334-438A-8394-4008E7B724A9}.Debug|x64.ActiveCfg = Debug|Any CPU
		{558B7770-A334-438A-8394-4008E7B724A9}.Debug|x64.Build.0 = Debug|Any CPU
		{558B7770-A334-438A-8394-4008E7B724A9}.Debug|x86.ActiveCfg = Debug|Any CPU
		{558B7770-A334-438A-8394-4008E7B724A9}.Debug|x86.Build.0 = Debug|Any CPU
		{558B7770-A334-438A-8394-4008E7B724A9}.Release|Any CPU.ActiveCfg = Release|Any CPU
		{558B7770-A334-438A-8394-4008E7B724A9}.Release|Any CPU.Build.0 = Release|Any CPU
		{558B7770-A334-438A-8394-4008E7B724A9}.Release|x64.ActiveCfg = Release|Any CPU
		{558B7770-A334-438A-8394-4008E7B724A9}.Release|x64.Build.0 = Release|Any CPU
		{558B7770-A334-438A-8394-4008E7B724A9}.Release|x86.ActiveCfg = Release|Any CPU
		{558B7770-A334-438A-8394-4008E7B724A9}.Release|x86.Build.0 = Release|Any CPU
		{0E4577EA-DAEB-4A83-A4F7-4AAFA0A8DB5B}.Debug|Any CPU.ActiveCfg = Debug|Any CPU
		{0E4577EA-DAEB-4A83-A4F7-4AAFA0A8DB5B}.Debug|Any CPU.Build.0 = Debug|Any CPU
		{0E4577EA-DAEB-4A83-A4F7-4AAFA0A8DB5B}.Debug|x64.ActiveCfg = Debug|Any CPU
		{0E4577EA-DAEB-4A83-A4F7-4AAFA0A8DB5B}.Debug|x64.Build.0 = Debug|Any CPU
		{0E4577EA-DAEB-4A83-A4F7-4AAFA0A8DB5B}.Debug|x86.ActiveCfg = Debug|Any CPU
		{0E4577EA-DAEB-4A83-A4F7-4AAFA0A8DB5B}.Debug|x86.Build.0 = Debug|Any CPU
		{0E4577EA-DAEB-4A83-A4F7-4AAFA0A8DB5B}.Release|Any CPU.ActiveCfg = Release|Any CPU
		{0E4577EA-DAEB-4A83-A4F7-4AAFA0A8DB5B}.Release|Any CPU.Build.0 = Release|Any CPU
		{0E4577EA-DAEB-4A83-A4F7-4AAFA0A8DB5B}.Release|x64.ActiveCfg = Release|Any CPU
		{0E4577EA-DAEB-4A83-A4F7-4AAFA0A8DB5B}.Release|x64.Build.0 = Release|Any CPU
		{0E4577EA-DAEB-4A83-A4F7-4AAFA0A8DB5B}.Release|x86.ActiveCfg = Release|Any CPU
		{0E4577EA-DAEB-4A83-A4F7-4AAFA0A8DB5B}.Release|x86.Build.0 = Release|Any CPU
		{5DD58114-CEFA-430C-BF44-1D98E21F4181}.Debug|Any CPU.ActiveCfg = Debug|Any CPU
		{5DD58114-CEFA-430C-BF44-1D98E21F4181}.Debug|Any CPU.Build.0 = Debug|Any CPU
		{5DD58114-CEFA-430C-BF44-1D98E21F4181}.Debug|x64.ActiveCfg = Debug|Any CPU
		{5DD58114-CEFA-430C-BF44-1D98E21F4181}.Debug|x64.Build.0 = Debug|Any CPU
		{5DD58114-CEFA-430C-BF44-1D98E21F4181}.Debug|x86.ActiveCfg = Debug|Any CPU
		{5DD58114-CEFA-430C-BF44-1D98E21F4181}.Debug|x86.Build.0 = Debug|Any CPU
		{5DD58114-CEFA-430C-BF44-1D98E21F4181}.Release|Any CPU.ActiveCfg = Release|Any CPU
		{5DD58114-CEFA-430C-BF44-1D98E21F4181}.Release|Any CPU.Build.0 = Release|Any CPU
		{5DD58114-CEFA-430C-BF44-1D98E21F4181}.Release|x64.ActiveCfg = Release|Any CPU
		{5DD58114-CEFA-430C-BF44-1D98E21F4181}.Release|x64.Build.0 = Release|Any CPU
		{5DD58114-CEFA-430C-BF44-1D98E21F4181}.Release|x86.ActiveCfg = Release|Any CPU
		{5DD58114-CEFA-430C-BF44-1D98E21F4181}.Release|x86.Build.0 = Release|Any CPU
		{7CF68409-FBA7-45C0-AC81-882E1B586AC1}.Debug|Any CPU.ActiveCfg = Debug|Any CPU
		{7CF68409-FBA7-45C0-AC81-882E1B586AC1}.Debug|Any CPU.Build.0 = Debug|Any CPU
		{7CF68409-FBA7-45C0-AC81-882E1B586AC1}.Debug|x64.ActiveCfg = Debug|Any CPU
		{7CF68409-FBA7-45C0-AC81-882E1B586AC1}.Debug|x64.Build.0 = Debug|Any CPU
		{7CF68409-FBA7-45C0-AC81-882E1B586AC1}.Debug|x86.ActiveCfg = Debug|Any CPU
		{7CF68409-FBA7-45C0-AC81-882E1B586AC1}.Debug|x86.Build.0 = Debug|Any CPU
		{7CF68409-FBA7-45C0-AC81-882E1B586AC1}.Release|Any CPU.ActiveCfg = Release|Any CPU
		{7CF68409-FBA7-45C0-AC81-882E1B586AC1}.Release|Any CPU.Build.0 = Release|Any CPU
		{7CF68409-FBA7-45C0-AC81-882E1B586AC1}.Release|x64.ActiveCfg = Release|Any CPU
		{7CF68409-FBA7-45C0-AC81-882E1B586AC1}.Release|x64.Build.0 = Release|Any CPU
		{7CF68409-FBA7-45C0-AC81-882E1B586AC1}.Release|x86.ActiveCfg = Release|Any CPU
		{7CF68409-FBA7-45C0-AC81-882E1B586AC1}.Release|x86.Build.0 = Release|Any CPU
		{F1A56D26-E499-44F8-9C47-4CE5ABD1FBB2}.Debug|Any CPU.ActiveCfg = Debug|Any CPU
		{F1A56D26-E499-44F8-9C47-4CE5ABD1FBB2}.Debug|Any CPU.Build.0 = Debug|Any CPU
		{F1A56D26-E499-44F8-9C47-4CE5ABD1FBB2}.Debug|x64.ActiveCfg = Debug|Any CPU
		{F1A56D26-E499-44F8-9C47-4CE5ABD1FBB2}.Debug|x64.Build.0 = Debug|Any CPU
		{F1A56D26-E499-44F8-9C47-4CE5ABD1FBB2}.Debug|x86.ActiveCfg = Debug|Any CPU
		{F1A56D26-E499-44F8-9C47-4CE5ABD1FBB2}.Debug|x86.Build.0 = Debug|Any CPU
		{F1A56D26-E499-44F8-9C47-4CE5ABD1FBB2}.Release|Any CPU.ActiveCfg = Release|Any CPU
		{F1A56D26-E499-44F8-9C47-4CE5ABD1FBB2}.Release|Any CPU.Build.0 = Release|Any CPU
		{F1A56D26-E499-44F8-9C47-4CE5ABD1FBB2}.Release|x64.ActiveCfg = Release|Any CPU
		{F1A56D26-E499-44F8-9C47-4CE5ABD1FBB2}.Release|x64.Build.0 = Release|Any CPU
		{F1A56D26-E499-44F8-9C47-4CE5ABD1FBB2}.Release|x86.ActiveCfg = Release|Any CPU
		{F1A56D26-E499-44F8-9C47-4CE5ABD1FBB2}.Release|x86.Build.0 = Release|Any CPU
	EndGlobalSection
	GlobalSection(SolutionProperties) = preSolution
		HideSolutionNode = FALSE
	EndGlobalSection
	GlobalSection(NestedProjects) = preSolution
		{B60C07C9-24C8-4A03-A1E8-09172A342E81} = {835FC760-9E1B-4F22-87C2-3ACF7B25E030}
		{AC2725FF-7DDC-4071-AFBC-798F01FAD801} = {B60C07C9-24C8-4A03-A1E8-09172A342E81}
		{62DD4C2A-19D2-4EF7-B8A5-9B535ADDA7B1} = {B60C07C9-24C8-4A03-A1E8-09172A342E81}
		{558B7770-A334-438A-8394-4008E7B724A9} = {B60C07C9-24C8-4A03-A1E8-09172A342E81}
		{0E4577EA-DAEB-4A83-A4F7-4AAFA0A8DB5B} = {B4B4DA73-747B-4F56-BB22-A1C288606607}
		{0A31DFBA-EC29-4E6A-A18F-CE44DF6CA925} = {835FC760-9E1B-4F22-87C2-3ACF7B25E030}
		{5DD58114-CEFA-430C-BF44-1D98E21F4181} = {0A31DFBA-EC29-4E6A-A18F-CE44DF6CA925}
		{7CF68409-FBA7-45C0-AC81-882E1B586AC1} = {0A31DFBA-EC29-4E6A-A18F-CE44DF6CA925}
		{F1A56D26-E499-44F8-9C47-4CE5ABD1FBB2} = {0A31DFBA-EC29-4E6A-A18F-CE44DF6CA925}
	EndGlobalSection
	GlobalSection(ExtensibilityGlobals) = postSolution
		SolutionGuid = {675BBCBA-86FF-4BA0-BA43-6F6F003C4717}
	EndGlobalSection
EndGlobal
